// !$*UTF8*$!
{
	archiveVersion = 1;
	classes = {
	};
	objectVersion = 50;
	objects = {

/* Begin PBXBuildFile section */
		D9DADC04223A5A3200CB406C /* AppDelegate.swift in Sources */ = {isa = PBXBuildFile; fileRef = D9DADC03223A5A3200CB406C /* AppDelegate.swift */; };
		D9DADC06223A5A3200CB406C /* ViewController.swift in Sources */ = {isa = PBXBuildFile; fileRef = D9DADC05223A5A3200CB406C /* ViewController.swift */; };
		D9DADC09223A5A3200CB406C /* Main.storyboard in Resources */ = {isa = PBXBuildFile; fileRef = D9DADC07223A5A3200CB406C /* Main.storyboard */; };
		D9DADC0B223A5A3300CB406C /* Assets.xcassets in Resources */ = {isa = PBXBuildFile; fileRef = D9DADC0A223A5A3300CB406C /* Assets.xcassets */; };
		D9DADC0E223A5A3300CB406C /* LaunchScreen.storyboard in Resources */ = {isa = PBXBuildFile; fileRef = D9DADC0C223A5A3300CB406C /* LaunchScreen.storyboard */; };
		D9DADC18223A600100CB406C /* Wave.swift in Sources */ = {isa = PBXBuildFile; fileRef = D9DADC17223A600100CB406C /* Wave.swift */; };
		D9DADC1A223A603500CB406C /* WaveView.swift in Sources */ = {isa = PBXBuildFile; fileRef = D9DADC19223A603500CB406C /* WaveView.swift */; };
		D9DADC1C223A606000CB406C /* WaveStorage.swift in Sources */ = {isa = PBXBuildFile; fileRef = D9DADC1B223A606000CB406C /* WaveStorage.swift */; };
		D9DADC1F223A614D00CB406C /* WaveModel.swift in Sources */ = {isa = PBXBuildFile; fileRef = D9DADC1E223A614D00CB406C /* WaveModel.swift */; };
/* End PBXBuildFile section */

/* Begin PBXFileReference section */
		D9DADC00223A5A3200CB406C /* Waves.app */ = {isa = PBXFileReference; explicitFileType = wrapper.application; includeInIndex = 0; path = Waves.app; sourceTree = BUILT_PRODUCTS_DIR; };
		D9DADC03223A5A3200CB406C /* AppDelegate.swift */ = {isa = PBXFileReference; lastKnownFileType = sourcecode.swift; path = AppDelegate.swift; sourceTree = "<group>"; };
		D9DADC05223A5A3200CB406C /* ViewController.swift */ = {isa = PBXFileReference; lastKnownFileType = sourcecode.swift; path = ViewController.swift; sourceTree = "<group>"; };
		D9DADC08223A5A3200CB406C /* Base */ = {isa = PBXFileReference; lastKnownFileType = file.storyboard; name = Base; path = Base.lproj/Main.storyboard; sourceTree = "<group>"; };
		D9DADC0A223A5A3300CB406C /* Assets.xcassets */ = {isa = PBXFileReference; lastKnownFileType = folder.assetcatalog; path = Assets.xcassets; sourceTree = "<group>"; };
		D9DADC0D223A5A3300CB406C /* Base */ = {isa = PBXFileReference; lastKnownFileType = file.storyboard; name = Base; path = Base.lproj/LaunchScreen.storyboard; sourceTree = "<group>"; };
		D9DADC0F223A5A3300CB406C /* Info.plist */ = {isa = PBXFileReference; lastKnownFileType = text.plist.xml; path = Info.plist; sourceTree = "<group>"; };
		D9DADC17223A600100CB406C /* Wave.swift */ = {isa = PBXFileReference; lastKnownFileType = sourcecode.swift; path = Wave.swift; sourceTree = "<group>"; };
		D9DADC19223A603500CB406C /* WaveView.swift */ = {isa = PBXFileReference; lastKnownFileType = sourcecode.swift; path = WaveView.swift; sourceTree = "<group>"; };
		D9DADC1B223A606000CB406C /* WaveStorage.swift */ = {isa = PBXFileReference; lastKnownFileType = sourcecode.swift; path = WaveStorage.swift; sourceTree = "<group>"; };
		D9DADC1E223A614D00CB406C /* WaveModel.swift */ = {isa = PBXFileReference; lastKnownFileType = sourcecode.swift; path = WaveModel.swift; sourceTree = "<group>"; };
/* End PBXFileReference section */

/* Begin PBXFrameworksBuildPhase section */
		D9DADBFD223A5A3200CB406C /* Frameworks */ = {
			isa = PBXFrameworksBuildPhase;
			buildActionMask = 2147483647;
			files = (
			);
			runOnlyForDeploymentPostprocessing = 0;
		};
/* End PBXFrameworksBuildPhase section */

/* Begin PBXGroup section */
		D9DADBF7223A5A3200CB406C = {
			isa = PBXGroup;
			children = (
				D9DADC02223A5A3200CB406C /* Waves */,
				D9DADC01223A5A3200CB406C /* Products */,
			);
			sourceTree = "<group>";
		};
		D9DADC01223A5A3200CB406C /* Products */ = {
			isa = PBXGroup;
			children = (
				D9DADC00223A5A3200CB406C /* Waves.app */,
			);
			name = Products;
			sourceTree = "<group>";
		};
		D9DADC02223A5A3200CB406C /* Waves */ = {
			isa = PBXGroup;
			children = (
				D9DADC03223A5A3200CB406C /* AppDelegate.swift */,
				D9DADC05223A5A3200CB406C /* ViewController.swift */,
				D9DADC1D223A613900CB406C /* WaveModel */,
				D9DADC07223A5A3200CB406C /* Main.storyboard */,
				D9DADC0A223A5A3300CB406C /* Assets.xcassets */,
				D9DADC0C223A5A3300CB406C /* LaunchScreen.storyboard */,
				D9DADC0F223A5A3300CB406C /* Info.plist */,
				D9DADC1E223A614D00CB406C /* WaveModel.swift */,
				D9DADC1B223A606000CB406C /* WaveStorage.swift */,
			);
			path = Waves;
			sourceTree = "<group>";
		};
		D9DADC1D223A613900CB406C /* WaveModel */ = {
			isa = PBXGroup;
			children = (
				D9DADC17223A600100CB406C /* Wave.swift */,
				D9DADC19223A603500CB406C /* WaveView.swift */,
			);
			path = WaveModel;
			sourceTree = "<group>";
		};
/* End PBXGroup section */

/* Begin PBXNativeTarget section */
		D9DADBFF223A5A3200CB406C /* Waves */ = {
			isa = PBXNativeTarget;
			buildConfigurationList = D9DADC12223A5A3300CB406C /* Build configuration list for PBXNativeTarget "Waves" */;
			buildPhases = (
				D9DADBFC223A5A3200CB406C /* Sources */,
				D9DADBFD223A5A3200CB406C /* Frameworks */,
				D9DADBFE223A5A3200CB406C /* Resources */,
			);
			buildRules = (
			);
			dependencies = (
			);
			name = Waves;
			productName = Waves;
			productReference = D9DADC00223A5A3200CB406C /* Waves.app */;
			productType = "com.apple.product-type.application";
		};
/* End PBXNativeTarget section */

/* Begin PBXProject section */
		D9DADBF8223A5A3200CB406C /* Project object */ = {
			isa = PBXProject;
			attributes = {
				LastSwiftUpdateCheck = 1010;
				LastUpgradeCheck = 1010;
				ORGANIZATIONNAME = "Johansson Group";
				TargetAttributes = {
					D9DADBFF223A5A3200CB406C = {
						CreatedOnToolsVersion = 10.1;
					};
				};
			};
			buildConfigurationList = D9DADBFB223A5A3200CB406C /* Build configuration list for PBXProject "Waves" */;
			compatibilityVersion = "Xcode 9.3";
			developmentRegion = en;
			hasScannedForEncodings = 0;
			knownRegions = (
				en,
				Base,
			);
			mainGroup = D9DADBF7223A5A3200CB406C;
			productRefGroup = D9DADC01223A5A3200CB406C /* Products */;
			projectDirPath = "";
			projectRoot = "";
			targets = (
				D9DADBFF223A5A3200CB406C /* Waves */,
			);
		};
/* End PBXProject section */

/* Begin PBXResourcesBuildPhase section */
		D9DADBFE223A5A3200CB406C /* Resources */ = {
			isa = PBXResourcesBuildPhase;
			buildActionMask = 2147483647;
			files = (
				D9DADC0E223A5A3300CB406C /* LaunchScreen.storyboard in Resources */,
				D9DADC0B223A5A3300CB406C /* Assets.xcassets in Resources */,
				D9DADC09223A5A3200CB406C /* Main.storyboard in Resources */,
			);
			runOnlyForDeploymentPostprocessing = 0;
		};
/* End PBXResourcesBuildPhase section */

/* Begin PBXSourcesBuildPhase section */
		D9DADBFC223A5A3200CB406C /* Sources */ = {
			isa = PBXSourcesBuildPhase;
			buildActionMask = 2147483647;
			files = (
				D9DADC18223A600100CB406C /* Wave.swift in Sources */,
				D9DADC1A223A603500CB406C /* WaveView.swift in Sources */,
				D9DADC1F223A614D00CB406C /* WaveModel.swift in Sources */,
				D9DADC06223A5A3200CB406C /* ViewController.swift in Sources */,
				D9DADC1C223A606000CB406C /* WaveStorage.swift in Sources */,
				D9DADC04223A5A3200CB406C /* AppDelegate.swift in Sources */,
			);
			runOnlyForDeploymentPostprocessing = 0;
		};
/* End PBXSourcesBuildPhase section */

/* Begin PBXVariantGroup section */
		D9DADC07223A5A3200CB406C /* Main.storyboard */ = {
			isa = PBXVariantGroup;
			children = (
				D9DADC08223A5A3200CB406C /* Base */,
			);
			name = Main.storyboard;
			sourceTree = "<group>";
		};
		D9DADC0C223A5A3300CB406C /* LaunchScreen.storyboard */ = {
			isa = PBXVariantGroup;
			children = (
				D9DADC0D223A5A3300CB406C /* Base */,
			);
			name = LaunchScreen.storyboard;
			sourceTree = "<group>";
		};
/* End PBXVariantGroup section */

/* Begin XCBuildConfiguration section */
		D9DADC10223A5A3300CB406C /* Debug */ = {
			isa = XCBuildConfiguration;
			buildSettings = {
				ALWAYS_SEARCH_USER_PATHS = NO;
				CLANG_ANALYZER_NONNULL = YES;
				CLANG_ANALYZER_NUMBER_OBJECT_CONVERSION = YES_AGGRESSIVE;
				CLANG_CXX_LANGUAGE_STANDARD = "gnu++14";
				CLANG_CXX_LIBRARY = "libc++";
				CLANG_ENABLE_MODULES = YES;
				CLANG_ENABLE_OBJC_ARC = YES;
				CLANG_ENABLE_OBJC_WEAK = YES;
				CLANG_WARN_BLOCK_CAPTURE_AUTORELEASING = YES;
				CLANG_WARN_BOOL_CONVERSION = YES;
				CLANG_WARN_COMMA = YES;
				CLANG_WARN_CONSTANT_CONVERSION = YES;
				CLANG_WARN_DEPRECATED_OBJC_IMPLEMENTATIONS = YES;
				CLANG_WARN_DIRECT_OBJC_ISA_USAGE = YES_ERROR;
				CLANG_WARN_DOCUMENTATION_COMMENTS = YES;
				CLANG_WARN_EMPTY_BODY = YES;
				CLANG_WARN_ENUM_CONVERSION = YES;
				CLANG_WARN_INFINITE_RECURSION = YES;
				CLANG_WARN_INT_CONVERSION = YES;
				CLANG_WARN_NON_LITERAL_NULL_CONVERSION = YES;
				CLANG_WARN_OBJC_IMPLICIT_RETAIN_SELF = YES;
				CLANG_WARN_OBJC_LITERAL_CONVERSION = YES;
				CLANG_WARN_OBJC_ROOT_CLASS = YES_ERROR;
				CLANG_WARN_RANGE_LOOP_ANALYSIS = YES;
				CLANG_WARN_STRICT_PROTOTYPES = YES;
				CLANG_WARN_SUSPICIOUS_MOVE = YES;
				CLANG_WARN_UNGUARDED_AVAILABILITY = YES_AGGRESSIVE;
				CLANG_WARN_UNREACHABLE_CODE = YES;
				CLANG_WARN__DUPLICATE_METHOD_MATCH = YES;
				CODE_SIGN_IDENTITY = "iPhone Developer";
				COPY_PHASE_STRIP = NO;
				DEBUG_INFORMATION_FORMAT = dwarf;
				ENABLE_STRICT_OBJC_MSGSEND = YES;
				ENABLE_TESTABILITY = YES;
				GCC_C_LANGUAGE_STANDARD = gnu11;
				GCC_DYNAMIC_NO_PIC = NO;
				GCC_NO_COMMON_BLOCKS = YES;
				GCC_OPTIMIZATION_LEVEL = 0;
				GCC_PREPROCESSOR_DEFINITIONS = (
					"DEBUG=1",
					"$(inherited)",
				);
				GCC_WARN_64_TO_32_BIT_CONVERSION = YES;
				GCC_WARN_ABOUT_RETURN_TYPE = YES_ERROR;
				GCC_WARN_UNDECLARED_SELECTOR = YES;
				GCC_WARN_UNINITIALIZED_AUTOS = YES_AGGRESSIVE;
				GCC_WARN_UNUSED_FUNCTION = YES;
				GCC_WARN_UNUSED_VARIABLE = YES;
				IPHONEOS_DEPLOYMENT_TARGET = 12.1;
				MTL_ENABLE_DEBUG_INFO = INCLUDE_SOURCE;
				MTL_FAST_MATH = YES;
				ONLY_ACTIVE_ARCH = YES;
				SDKROOT = iphoneos;
				SWIFT_ACTIVE_COMPILATION_CONDITIONS = DEBUG;
				SWIFT_OPTIMIZATION_LEVEL = "-Onone";
			};
			name = Debug;
		};
		D9DADC11223A5A3300CB406C /* Release */ = {
			isa = XCBuildConfiguration;
			buildSettings = {
				ALWAYS_SEARCH_USER_PATHS = NO;
				CLANG_ANALYZER_NONNULL = YES;
				CLANG_ANALYZER_NUMBER_OBJECT_CONVERSION = YES_AGGRESSIVE;
				CLANG_CXX_LANGUAGE_STANDARD = "gnu++14";
				CLANG_CXX_LIBRARY = "libc++";
				CLANG_ENABLE_MODULES = YES;
				CLANG_ENABLE_OBJC_ARC = YES;
				CLANG_ENABLE_OBJC_WEAK = YES;
				CLANG_WARN_BLOCK_CAPTURE_AUTORELEASING = YES;
				CLANG_WARN_BOOL_CONVERSION = YES;
				CLANG_WARN_COMMA = YES;
				CLANG_WARN_CONSTANT_CONVERSION = YES;
				CLANG_WARN_DEPRECATED_OBJC_IMPLEMENTATIONS = YES;
				CLANG_WARN_DIRECT_OBJC_ISA_USAGE = YES_ERROR;
				CLANG_WARN_DOCUMENTATION_COMMENTS = YES;
				CLANG_WARN_EMPTY_BODY = YES;
				CLANG_WARN_ENUM_CONVERSION = YES;
				CLANG_WARN_INFINITE_RECURSION = YES;
				CLANG_WARN_INT_CONVERSION = YES;
				CLANG_WARN_NON_LITERAL_NULL_CONVERSION = YES;
				CLANG_WARN_OBJC_IMPLICIT_RETAIN_SELF = YES;
				CLANG_WARN_OBJC_LITERAL_CONVERSION = YES;
				CLANG_WARN_OBJC_ROOT_CLASS = YES_ERROR;
				CLANG_WARN_RANGE_LOOP_ANALYSIS = YES;
				CLANG_WARN_STRICT_PROTOTYPES = YES;
				CLANG_WARN_SUSPICIOUS_MOVE = YES;
				CLANG_WARN_UNGUARDED_AVAILABILITY = YES_AGGRESSIVE;
				CLANG_WARN_UNREACHABLE_CODE = YES;
				CLANG_WARN__DUPLICATE_METHOD_MATCH = YES;
				CODE_SIGN_IDENTITY = "iPhone Developer";
				COPY_PHASE_STRIP = NO;
				DEBUG_INFORMATION_FORMAT = "dwarf-with-dsym";
				ENABLE_NS_ASSERTIONS = NO;
				ENABLE_STRICT_OBJC_MSGSEND = YES;
				GCC_C_LANGUAGE_STANDARD = gnu11;
				GCC_NO_COMMON_BLOCKS = YES;
				GCC_WARN_64_TO_32_BIT_CONVERSION = YES;
				GCC_WARN_ABOUT_RETURN_TYPE = YES_ERROR;
				GCC_WARN_UNDECLARED_SELECTOR = YES;
				GCC_WARN_UNINITIALIZED_AUTOS = YES_AGGRESSIVE;
				GCC_WARN_UNUSED_FUNCTION = YES;
				GCC_WARN_UNUSED_VARIABLE = YES;
				IPHONEOS_DEPLOYMENT_TARGET = 12.1;
				MTL_ENABLE_DEBUG_INFO = NO;
				MTL_FAST_MATH = YES;
				SDKROOT = iphoneos;
				SWIFT_COMPILATION_MODE = wholemodule;
				SWIFT_OPTIMIZATION_LEVEL = "-O";
				VALIDATE_PRODUCT = YES;
			};
			name = Release;
		};
		D9DADC13223A5A3300CB406C /* Debug */ = {
			isa = XCBuildConfiguration;
			buildSettings = {
				ASSETCATALOG_COMPILER_APPICON_NAME = AppIcon;
				CODE_SIGN_STYLE = Automatic;
				DEVELOPMENT_TEAM = B4FXKBHXYA;
				INFOPLIST_FILE = Waves/Info.plist;
				LD_RUNPATH_SEARCH_PATHS = (
					"$(inherited)",
					"@executable_path/Frameworks",
				);
				PRODUCT_BUNDLE_IDENTIFIER = JG.Waves;
				PRODUCT_NAME = "$(TARGET_NAME)";
				SWIFT_VERSION = 4.2;
				TARGETED_DEVICE_FAMILY = "1,2";
			};
			name = Debug;
		};
		D9DADC14223A5A3300CB406C /* Release */ = {
			isa = XCBuildConfiguration;
			buildSettings = {
				ASSETCATALOG_COMPILER_APPICON_NAME = AppIcon;
				CODE_SIGN_STYLE = Automatic;
				DEVELOPMENT_TEAM = B4FXKBHXYA;
				INFOPLIST_FILE = Waves/Info.plist;
				LD_RUNPATH_SEARCH_PATHS = (
					"$(inherited)",
					"@executable_path/Frameworks",
				);
				PRODUCT_BUNDLE_IDENTIFIER = JG.Waves;
				PRODUCT_NAME = "$(TARGET_NAME)";
				SWIFT_VERSION = 4.2;
				TARGETED_DEVICE_FAMILY = "1,2";
			};
			name = Release;
		};
/* End XCBuildConfiguration section */

/* Begin XCConfigurationList section */
		D9DADBFB223A5A3200CB406C /* Build configuration list for PBXProject "Waves" */ = {
			isa = XCConfigurationList;
			buildConfigurations = (
				D9DADC10223A5A3300CB406C /* Debug */,
				D9DADC11223A5A3300CB406C /* Release */,
			);
			defaultConfigurationIsVisible = 0;
			defaultConfigurationName = Release;
		};
		D9DADC12223A5A3300CB406C /* Build configuration list for PBXNativeTarget "Waves" */ = {
			isa = XCConfigurationList;
			buildConfigurations = (
				D9DADC13223A5A3300CB406C /* Debug */,
				D9DADC14223A5A3300CB406C /* Release */,
			);
			defaultConfigurationIsVisible = 0;
			defaultConfigurationName = Release;
		};
/* End XCConfigurationList section */
	};
	rootObject = D9DADBF8223A5A3200CB406C /* Project object */;
}
